
Microsoft Visual Studio Solution File, Format Version 12.00
# Visual Studio Version 17
VisualStudioVersion = 17.0.31903.59
MinimumVisualStudioVersion = 10.0.40219.1
Project("{FAE04EC0-301F-11D3-BF4B-00C04F79EFBC}") = "ABC086A", "ABC086A\ABC086A.csproj", "{51FD2DA4-DEF3-4E85-B92A-5140A789542A}"
EndProject
Project("{FAE04EC0-301F-11D3-BF4B-00C04F79EFBC}") = "ABC086ATest", "ABC086ATest\ABC086ATest.csproj", "{2BFC7258-D2E2-4D04-B531-9052B5CACB68}"
EndProject
Project("{FAE04EC0-301F-11D3-BF4B-00C04F79EFBC}") = "ABC081A", "ABC081A\ABC081A.csproj", "{5E55B4F6-A0BD-4651-93A7-B3510312890F}"
EndProject
Project("{FAE04EC0-301F-11D3-BF4B-00C04F79EFBC}") = "ABC081ATest", "ABC081ATest\ABC081ATest.csproj", "{7AE8014D-71B6-426C-81A6-9279C4DFE2C5}"
EndProject
Project("{FAE04EC0-301F-11D3-BF4B-00C04F79EFBC}") = "ABC081B", "ABC081B\ABC081B.csproj", "{499CA714-5334-4235-A4DB-BA62E75AD787}"
EndProject
Project("{FAE04EC0-301F-11D3-BF4B-00C04F79EFBC}") = "ABC081BTest", "ABC081BTest\ABC081BTest.csproj", "{2420733D-C0BD-488E-A6AA-46E8FB859039}"
EndProject
Project("{FAE04EC0-301F-11D3-BF4B-00C04F79EFBC}") = "ABC087B", "ABC087B\ABC087B.csproj", "{42AA0BB5-76A9-4013-AD38-0393AE548BC9}"
EndProject
Project("{FAE04EC0-301F-11D3-BF4B-00C04F79EFBC}") = "ABC087BTest", "ABC087BTest\ABC087BTest.csproj", "{F8DB789B-8C8A-44D5-95E1-3B4E0EC8DC60}"
EndProject
Project("{FAE04EC0-301F-11D3-BF4B-00C04F79EFBC}") = "ABC083B", "ABC083B\ABC083B.csproj", "{94FBA7E8-352D-45FC-B91F-4DF049EA6B5B}"
EndProject
Project("{FAE04EC0-301F-11D3-BF4B-00C04F79EFBC}") = "ABC083BTest", "ABC083BTest\ABC083BTest.csproj", "{79511C70-25BF-4921-A539-9851FAF30DE6}"
EndProject
Project("{FAE04EC0-301F-11D3-BF4B-00C04F79EFBC}") = "ABC088B", "ABC088B\ABC088B.csproj", "{17DE116F-F2EF-4810-A308-02E588496FEE}"
EndProject
Project("{FAE04EC0-301F-11D3-BF4B-00C04F79EFBC}") = "ABC088BTest", "ABC088BTest\ABC088BTest.csproj", "{1FCEB093-0F79-4435-AAD7-7CBB559A11FF}"
EndProject
Project("{FAE04EC0-301F-11D3-BF4B-00C04F79EFBC}") = "ABC085B", "ABC085B\ABC085B.csproj", "{50695C49-EB26-4944-8415-2FDD380B60DC}"
EndProject
Project("{FAE04EC0-301F-11D3-BF4B-00C04F79EFBC}") = "ABC085BTest", "ABC085BTest\ABC085BTest.csproj", "{C73DF97D-44C8-4A5E-AB5A-FEE6303669F1}"
EndProject
Project("{FAE04EC0-301F-11D3-BF4B-00C04F79EFBC}") = "ABC085C", "ABC085C\ABC085C.csproj", "{47AB4EC3-C28D-42DF-83A3-98314CBFDFF9}"
EndProject
Project("{FAE04EC0-301F-11D3-BF4B-00C04F79EFBC}") = "ABC085CTest", "ABC085CTest\ABC085CTest.csproj", "{D9046BBC-45DB-402B-A0BA-E1FCB546F3BD}"
EndProject
Project("{FAE04EC0-301F-11D3-BF4B-00C04F79EFBC}") = "ABC049C", "ABC049C\ABC049C.csproj", "{BECA89E3-7AE4-478B-8962-A6E324FF67D1}"
EndProject
Project("{FAE04EC0-301F-11D3-BF4B-00C04F79EFBC}") = "ABC049CTest", "ABC049CTest\ABC049CTest.csproj", "{A7942D29-0989-4743-A98C-17E05922E65E}"
EndProject
Project("{FAE04EC0-301F-11D3-BF4B-00C04F79EFBC}") = "ABC086C", "ABC086C\ABC086C.csproj", "{DF0EC0F6-2DDA-457B-B56D-7E862CAEF35A}"
EndProject
Project("{FAE04EC0-301F-11D3-BF4B-00C04F79EFBC}") = "ABC086CTest", "ABC086CTest\ABC086CTest.csproj", "{76A2000E-D13E-4D17-86CC-5B97CFC952A0}"
EndProject
Global
	GlobalSection(SolutionConfigurationPlatforms) = preSolution
		Debug|Any CPU = Debug|Any CPU
		Release|Any CPU = Release|Any CPU
	EndGlobalSection
	GlobalSection(SolutionProperties) = preSolution
		HideSolutionNode = FALSE
	EndGlobalSection
	GlobalSection(ProjectConfigurationPlatforms) = postSolution
		{51FD2DA4-DEF3-4E85-B92A-5140A789542A}.Debug|Any CPU.ActiveCfg = Debug|Any CPU
		{51FD2DA4-DEF3-4E85-B92A-5140A789542A}.Debug|Any CPU.Build.0 = Debug|Any CPU
		{51FD2DA4-DEF3-4E85-B92A-5140A789542A}.Release|Any CPU.ActiveCfg = Release|Any CPU
		{51FD2DA4-DEF3-4E85-B92A-5140A789542A}.Release|Any CPU.Build.0 = Release|Any CPU
		{2BFC7258-D2E2-4D04-B531-9052B5CACB68}.Debug|Any CPU.ActiveCfg = Debug|Any CPU
		{2BFC7258-D2E2-4D04-B531-9052B5CACB68}.Debug|Any CPU.Build.0 = Debug|Any CPU
		{2BFC7258-D2E2-4D04-B531-9052B5CACB68}.Release|Any CPU.ActiveCfg = Release|Any CPU
		{2BFC7258-D2E2-4D04-B531-9052B5CACB68}.Release|Any CPU.Build.0 = Release|Any CPU
		{5E55B4F6-A0BD-4651-93A7-B3510312890F}.Debug|Any CPU.ActiveCfg = Debug|Any CPU
		{5E55B4F6-A0BD-4651-93A7-B3510312890F}.Debug|Any CPU.Build.0 = Debug|Any CPU
		{5E55B4F6-A0BD-4651-93A7-B3510312890F}.Release|Any CPU.ActiveCfg = Release|Any CPU
		{5E55B4F6-A0BD-4651-93A7-B3510312890F}.Release|Any CPU.Build.0 = Release|Any CPU
		{7AE8014D-71B6-426C-81A6-9279C4DFE2C5}.Debug|Any CPU.ActiveCfg = Debug|Any CPU
		{7AE8014D-71B6-426C-81A6-9279C4DFE2C5}.Debug|Any CPU.Build.0 = Debug|Any CPU
		{7AE8014D-71B6-426C-81A6-9279C4DFE2C5}.Release|Any CPU.ActiveCfg = Release|Any CPU
		{7AE8014D-71B6-426C-81A6-9279C4DFE2C5}.Release|Any CPU.Build.0 = Release|Any CPU
		{499CA714-5334-4235-A4DB-BA62E75AD787}.Debug|Any CPU.ActiveCfg = Debug|Any CPU
		{499CA714-5334-4235-A4DB-BA62E75AD787}.Debug|Any CPU.Build.0 = Debug|Any CPU
		{499CA714-5334-4235-A4DB-BA62E75AD787}.Release|Any CPU.ActiveCfg = Release|Any CPU
		{499CA714-5334-4235-A4DB-BA62E75AD787}.Release|Any CPU.Build.0 = Release|Any CPU
		{2420733D-C0BD-488E-A6AA-46E8FB859039}.Debug|Any CPU.ActiveCfg = Debug|Any CPU
		{2420733D-C0BD-488E-A6AA-46E8FB859039}.Debug|Any CPU.Build.0 = Debug|Any CPU
		{2420733D-C0BD-488E-A6AA-46E8FB859039}.Release|Any CPU.ActiveCfg = Release|Any CPU
		{2420733D-C0BD-488E-A6AA-46E8FB859039}.Release|Any CPU.Build.0 = Release|Any CPU
		{42AA0BB5-76A9-4013-AD38-0393AE548BC9}.Debug|Any CPU.ActiveCfg = Debug|Any CPU
		{42AA0BB5-76A9-4013-AD38-0393AE548BC9}.Debug|Any CPU.Build.0 = Debug|Any CPU
		{42AA0BB5-76A9-4013-AD38-0393AE548BC9}.Release|Any CPU.ActiveCfg = Release|Any CPU
		{42AA0BB5-76A9-4013-AD38-0393AE548BC9}.Release|Any CPU.Build.0 = Release|Any CPU
		{F8DB789B-8C8A-44D5-95E1-3B4E0EC8DC60}.Debug|Any CPU.ActiveCfg = Debug|Any CPU
		{F8DB789B-8C8A-44D5-95E1-3B4E0EC8DC60}.Debug|Any CPU.Build.0 = Debug|Any CPU
		{F8DB789B-8C8A-44D5-95E1-3B4E0EC8DC60}.Release|Any CPU.ActiveCfg = Release|Any CPU
		{F8DB789B-8C8A-44D5-95E1-3B4E0EC8DC60}.Release|Any CPU.Build.0 = Release|Any CPU
		{94FBA7E8-352D-45FC-B91F-4DF049EA6B5B}.Debug|Any CPU.ActiveCfg = Debug|Any CPU
		{94FBA7E8-352D-45FC-B91F-4DF049EA6B5B}.Debug|Any CPU.Build.0 = Debug|Any CPU
		{94FBA7E8-352D-45FC-B91F-4DF049EA6B5B}.Release|Any CPU.ActiveCfg = Release|Any CPU
		{94FBA7E8-352D-45FC-B91F-4DF049EA6B5B}.Release|Any CPU.Build.0 = Release|Any CPU
		{79511C70-25BF-4921-A539-9851FAF30DE6}.Debug|Any CPU.ActiveCfg = Debug|Any CPU
		{79511C70-25BF-4921-A539-9851FAF30DE6}.Debug|Any CPU.Build.0 = Debug|Any CPU
		{79511C70-25BF-4921-A539-9851FAF30DE6}.Release|Any CPU.ActiveCfg = Release|Any CPU
		{79511C70-25BF-4921-A539-9851FAF30DE6}.Release|Any CPU.Build.0 = Release|Any CPU
		{17DE116F-F2EF-4810-A308-02E588496FEE}.Debug|Any CPU.ActiveCfg = Debug|Any CPU
		{17DE116F-F2EF-4810-A308-02E588496FEE}.Debug|Any CPU.Build.0 = Debug|Any CPU
		{17DE116F-F2EF-4810-A308-02E588496FEE}.Release|Any CPU.ActiveCfg = Release|Any CPU
		{17DE116F-F2EF-4810-A308-02E588496FEE}.Release|Any CPU.Build.0 = Release|Any CPU
		{1FCEB093-0F79-4435-AAD7-7CBB559A11FF}.Debug|Any CPU.ActiveCfg = Debug|Any CPU
		{1FCEB093-0F79-4435-AAD7-7CBB559A11FF}.Debug|Any CPU.Build.0 = Debug|Any CPU
		{1FCEB093-0F79-4435-AAD7-7CBB559A11FF}.Release|Any CPU.ActiveCfg = Release|Any CPU
		{1FCEB093-0F79-4435-AAD7-7CBB559A11FF}.Release|Any CPU.Build.0 = Release|Any CPU
		{50695C49-EB26-4944-8415-2FDD380B60DC}.Debug|Any CPU.ActiveCfg = Debug|Any CPU
		{50695C49-EB26-4944-8415-2FDD380B60DC}.Debug|Any CPU.Build.0 = Debug|Any CPU
		{50695C49-EB26-4944-8415-2FDD380B60DC}.Release|Any CPU.ActiveCfg = Release|Any CPU
		{50695C49-EB26-4944-8415-2FDD380B60DC}.Release|Any CPU.Build.0 = Release|Any CPU
		{C73DF97D-44C8-4A5E-AB5A-FEE6303669F1}.Debug|Any CPU.ActiveCfg = Debug|Any CPU
		{C73DF97D-44C8-4A5E-AB5A-FEE6303669F1}.Debug|Any CPU.Build.0 = Debug|Any CPU
		{C73DF97D-44C8-4A5E-AB5A-FEE6303669F1}.Release|Any CPU.ActiveCfg = Release|Any CPU
		{C73DF97D-44C8-4A5E-AB5A-FEE6303669F1}.Release|Any CPU.Build.0 = Release|Any CPU
		{47AB4EC3-C28D-42DF-83A3-98314CBFDFF9}.Debug|Any CPU.ActiveCfg = Debug|Any CPU
		{47AB4EC3-C28D-42DF-83A3-98314CBFDFF9}.Debug|Any CPU.Build.0 = Debug|Any CPU
		{47AB4EC3-C28D-42DF-83A3-98314CBFDFF9}.Release|Any CPU.ActiveCfg = Release|Any CPU
		{47AB4EC3-C28D-42DF-83A3-98314CBFDFF9}.Release|Any CPU.Build.0 = Release|Any CPU
		{D9046BBC-45DB-402B-A0BA-E1FCB546F3BD}.Debug|Any CPU.ActiveCfg = Debug|Any CPU
		{D9046BBC-45DB-402B-A0BA-E1FCB546F3BD}.Debug|Any CPU.Build.0 = Debug|Any CPU
		{D9046BBC-45DB-402B-A0BA-E1FCB546F3BD}.Release|Any CPU.ActiveCfg = Release|Any CPU
		{D9046BBC-45DB-402B-A0BA-E1FCB546F3BD}.Release|Any CPU.Build.0 = Release|Any CPU
		{BECA89E3-7AE4-478B-8962-A6E324FF67D1}.Debug|Any CPU.ActiveCfg = Debug|Any CPU
		{BECA89E3-7AE4-478B-8962-A6E324FF67D1}.Debug|Any CPU.Build.0 = Debug|Any CPU
		{BECA89E3-7AE4-478B-8962-A6E324FF67D1}.Release|Any CPU.ActiveCfg = Release|Any CPU
		{BECA89E3-7AE4-478B-8962-A6E324FF67D1}.Release|Any CPU.Build.0 = Release|Any CPU
		{A7942D29-0989-4743-A98C-17E05922E65E}.Debug|Any CPU.ActiveCfg = Debug|Any CPU
		{A7942D29-0989-4743-A98C-17E05922E65E}.Debug|Any CPU.Build.0 = Debug|Any CPU
		{A7942D29-0989-4743-A98C-17E05922E65E}.Release|Any CPU.ActiveCfg = Release|Any CPU
		{A7942D29-0989-4743-A98C-17E05922E65E}.Release|Any CPU.Build.0 = Release|Any CPU
		{DF0EC0F6-2DDA-457B-B56D-7E862CAEF35A}.Debug|Any CPU.ActiveCfg = Debug|Any CPU
		{DF0EC0F6-2DDA-457B-B56D-7E862CAEF35A}.Debug|Any CPU.Build.0 = Debug|Any CPU
		{DF0EC0F6-2DDA-457B-B56D-7E862CAEF35A}.Release|Any CPU.ActiveCfg = Release|Any CPU
		{DF0EC0F6-2DDA-457B-B56D-7E862CAEF35A}.Release|Any CPU.Build.0 = Release|Any CPU
		{76A2000E-D13E-4D17-86CC-5B97CFC952A0}.Debug|Any CPU.ActiveCfg = Debug|Any CPU
		{76A2000E-D13E-4D17-86CC-5B97CFC952A0}.Debug|Any CPU.Build.0 = Debug|Any CPU
		{76A2000E-D13E-4D17-86CC-5B97CFC952A0}.Release|Any CPU.ActiveCfg = Release|Any CPU
		{76A2000E-D13E-4D17-86CC-5B97CFC952A0}.Release|Any CPU.Build.0 = Release|Any CPU
	EndGlobalSection
EndGlobal
